<?xml version="1.0" encoding="utf-8"?>
<Project ToolsVersion="4.0" xmlns="http://schemas.microsoft.com/developer/msbuild/2003">
  <ItemGroup>
    <Filter Include="ソース ファイル">
      <UniqueIdentifier>{4FC737F1-C7A5-4376-A066-2A32D752A2FF}</UniqueIdentifier>
      <Extensions>cpp;c;cc;cxx;c++;cppm;ixx;def;odl;idl;hpj;bat;asm;asmx</Extensions>
    </Filter>
    <Filter Include="ヘッダー ファイル">
      <UniqueIdentifier>{93995380-89BD-4b04-88EB-625FBE52EBFB}</UniqueIdentifier>
      <Extensions>h;hh;hpp;hxx;h++;hm;inl;inc;ipp;xsd</Extensions>
    </Filter>
    <Filter Include="リソース ファイル">
      <UniqueIdentifier>{67DA6AB6-F800-4c08-8B7A-83BB121AAD01}</UniqueIdentifier>
      <Extensions>rc;ico;cur;bmp;dlg;rc2;rct;bin;rgs;gif;jpg;jpeg;jpe;resx;tiff;tif;png;wav;mfcribbon-ms</Extensions>
    </Filter>
    <Filter Include="シェーダー ファイル">
      <UniqueIdentifier>{718c7f4c-fc51-40ad-a221-b9456a7a1a3c}</UniqueIdentifier>
    </Filter>
    <Filter Include="ソース ファイル\ect">
      <UniqueIdentifier>{07659d38-f0ec-4ad6-bdf5-58c2548686f0}</UniqueIdentifier>
    </Filter>
    <Filter Include="ソース ファイル\scene">
      <UniqueIdentifier>{03667b83-5593-4aab-a2e9-54fd1861c3a1}</UniqueIdentifier>
    </Filter>
    <Filter Include="ヘッダー ファイル\scene">
      <UniqueIdentifier>{9086ea44-7dee-41da-87d4-14fd819d0657}</UniqueIdentifier>
    </Filter>
    <Filter Include="ソース ファイル\scene\scenes">
      <UniqueIdentifier>{4393bf7f-d04c-4c31-9b99-2aa7955e6ed0}</UniqueIdentifier>
    </Filter>
    <Filter Include="ヘッダー ファイル\scene\scenes">
      <UniqueIdentifier>{d030ceb1-78a6-4113-bbb5-234f4de57f89}</UniqueIdentifier>
    </Filter>
    <Filter Include="ヘッダー ファイル\scene\manager">
      <UniqueIdentifier>{54b6826a-96e0-48c9-a10b-9faf2e86c8b9}</UniqueIdentifier>
    </Filter>
    <Filter Include="ソース ファイル\scene\manager">
      <UniqueIdentifier>{8ad0a592-a851-4b8e-9fdd-ccfb0d800080}</UniqueIdentifier>
    </Filter>
    <Filter Include="ソース ファイル\Game">
      <UniqueIdentifier>{6b51a638-ee28-4071-9f20-de78b8b6f35f}</UniqueIdentifier>
    </Filter>
    <Filter Include="ヘッダー ファイル\Game">
      <UniqueIdentifier>{8b8fe4f4-c18f-457b-87df-172689078003}</UniqueIdentifier>
    </Filter>
    <Filter Include="ソース ファイル\Game\LoadJsonFile">
      <UniqueIdentifier>{0efe39fb-4f49-4ee3-bef4-4554eb0ec75f}</UniqueIdentifier>
    </Filter>
    <Filter Include="ヘッダー ファイル\Game\LoadJsonFile">
      <UniqueIdentifier>{b27d37bf-cb05-4e36-8f50-ad5d2b2a2ed8}</UniqueIdentifier>
    </Filter>
  </ItemGroup>
  <ItemGroup>
    <ClCompile Include="main.cpp">
      <Filter>ソース ファイル</Filter>
    </ClCompile>
    <ClCompile Include="ect\MathUtilityEX.cpp">
      <Filter>ソース ファイル\ect</Filter>
    </ClCompile>
    <ClCompile Include="ect\worldTransfromEX.cpp">
      <Filter>ソース ファイル\ect</Filter>
    </ClCompile>
    <ClCompile Include="Scene\Scene.cpp">
      <Filter>ソース ファイル\scene</Filter>
    </ClCompile>
    <ClCompile Include="Scene\scenes\ResetScene.cpp">
      <Filter>ソース ファイル\scene\scenes</Filter>
    </ClCompile>
    <ClCompile Include="Scene\scenes\GameScene.cpp">
      <Filter>ソース ファイル\scene\scenes</Filter>
    </ClCompile>
    <ClCompile Include="Game\LoadJsonFile\FileJson.cpp">
      <Filter>ソース ファイル\Game\LoadJsonFile</Filter>
    </ClCompile>
    <ClCompile Include="Scene\manager\SceneManager.cpp">
      <Filter>ソース ファイル\scene\manager</Filter>
    </ClCompile>
    <ClCompile Include="Game\Player\Player.cpp">
      <Filter>ソース ファイル</Filter>
    </ClCompile>
    <ClCompile Include="Game\stage\stages\stageBlock\portal\Portal.cpp">
      <Filter>ソース ファイル</Filter>
    </ClCompile>
    <ClCompile Include="Game\stage\stages\stageBlock\PortalManager.cpp">
      <Filter>ソース ファイル</Filter>
    </ClCompile>
    <ClCompile Include="Game\stage\stages\Stage.cpp">
      <Filter>ソース ファイル</Filter>
    </ClCompile>
    <ClCompile Include="Game\stage\StageManager.cpp">
      <Filter>ソース ファイル</Filter>
    </ClCompile>
  </ItemGroup>
  <ItemGroup>
    <FxCompile Include="Resources\shaders\SpritePS.hlsl">
      <Filter>シェーダー ファイル</Filter>
    </FxCompile>
    <FxCompile Include="Resources\shaders\SpriteVS.hlsl">
      <Filter>シェーダー ファイル</Filter>
    </FxCompile>
    <FxCompile Include="Resources\shaders\ShapeVS.hlsl">
      <Filter>シェーダー ファイル</Filter>
    </FxCompile>
    <FxCompile Include="Resources\shaders\ShapePS.hlsl">
      <Filter>シェーダー ファイル</Filter>
    </FxCompile>
    <FxCompile Include="Resources\shaders\ObjPS.hlsl">
      <Filter>シェーダー ファイル</Filter>
    </FxCompile>
    <FxCompile Include="Resources\shaders\ObjVS.hlsl">
      <Filter>シェーダー ファイル</Filter>
    </FxCompile>
    <FxCompile Include="Resources\shaders\PrimitivePS.hlsl">
      <Filter>シェーダー ファイル</Filter>
    </FxCompile>
    <FxCompile Include="Resources\shaders\PrimitiveVS.hlsl">
      <Filter>シェーダー ファイル</Filter>
    </FxCompile>
    <FxCompile Include="Resources\shaders\TerrainPS.hlsl">
      <Filter>シェーダー ファイル</Filter>
    </FxCompile>
    <FxCompile Include="Resources\shaders\TerrainVS.hlsl">
      <Filter>シェーダー ファイル</Filter>
    </FxCompile>
  </ItemGroup>
  <ItemGroup>
    <None Include="Resources\shaders\Sprite.hlsli">
      <Filter>シェーダー ファイル</Filter>
    </None>
    <None Include="Resources\shaders\Shape.hlsli">
      <Filter>シェーダー ファイル</Filter>
    </None>
    <None Include="Resources\shaders\Obj.hlsli">
      <Filter>シェーダー ファイル</Filter>
    </None>
    <None Include="Resources\shaders\Primitive.hlsli">
      <Filter>シェーダー ファイル</Filter>
    </None>
    <None Include="Resources\shaders\Terrain.hlsli">
      <Filter>シェーダー ファイル</Filter>
    </None>
    <None Include="Resources\Json\Stage.json" />
  </ItemGroup>
  <ItemGroup>
    <ClInclude Include="Scene\Scene.h">
      <Filter>ヘッダー ファイル\scene</Filter>
    </ClInclude>
    <ClInclude Include="Scene\scenes\ResetScene.h">
      <Filter>ヘッダー ファイル\scene\scenes</Filter>
    </ClInclude>
    <ClInclude Include="Scene\scenes\GameScene.h">
      <Filter>ヘッダー ファイル\scene\scenes</Filter>
    </ClInclude>
    <ClInclude Include="Scene\manager\SceneManager.h">
      <Filter>ヘッダー ファイル\scene\manager</Filter>
    </ClInclude>
    <ClInclude Include="Scene\manager\SceneID.h">
      <Filter>ヘッダー ファイル\scene\manager</Filter>
    </ClInclude>
    <ClInclude Include="Game\LoadJsonFile\FileJson.h">
      <Filter>ヘッダー ファイル\Game\LoadJsonFile</Filter>
    </ClInclude>
    <ClInclude Include="Game\Player\Player.h">
      <Filter>ヘッダー ファイル</Filter>
    </ClInclude>
    <ClInclude Include="Game\stage\stages\stageBlock\portal\Portal.h">
      <Filter>ヘッダー ファイル</Filter>
    </ClInclude>
    <ClInclude Include="Game\stage\stages\stageBlock\PortalManager.h">
      <Filter>ヘッダー ファイル</Filter>
    </ClInclude>
    <ClInclude Include="Game\stage\stages\Stage.h">
      <Filter>ヘッダー ファイル</Filter>
    </ClInclude>
    <ClInclude Include="Game\stage\StageID.h">
      <Filter>ヘッダー ファイル</Filter>
    </ClInclude>
    <ClInclude Include="Game\stage\StageManager.h">
      <Filter>ヘッダー ファイル</Filter>
    </ClInclude>
  </ItemGroup>
</Project>